github.com/golang/glog v0.0.0-20160126235308-23def4e6c14b/go.mod h1:SBH7ygxi8pfUlaOkMMuAQtPIUF8ecWP5IEl/CR7VP2Q=
github.com/golang/glog v1.2.0 h1:uCdmnmatrKCgMBlM4rMuJZWOkPDqdbZPnrMXDY4gI68=
github.com/golang/glog v1.2.0/go.mod h1:6AhwSGph0fcJtXVM/PEHPqZlFeoLxhs7/t5UDAwmO+w=
github.com/google/go-cmp v0.6.0 h1:ofyhxvXcZhMsU5ulbFiLKl/XBFqE1GSq7atu8tAmTRI=
github.com/vmware/alb-sdk v0.0.0-20240229081500-3b40a2f39dda h1:ULRQ0b8qJjDsQRsxiDvvTMk6yhtX0HBAUrPPL5JD7Jk=
github.com/vmware/alb-sdk v0.0.0-20240229081500-3b40a2f39dda/go.mod h1:fuRb4saDY/xy/UMeMvyKYmcplNknEL9ysaqYSw7reNE=
